
Microsoft Visual Studio Solution File, Format Version 12.00
# Visual Studio 14
VisualStudioVersion = 14.0.23107.0
MinimumVisualStudioVersion = 10.0.40219.1
Project("{FAE04EC0-301F-11D3-BF4B-00C04F79EFBC}") = "TenantCoordinator", "Samples\TenantCoordinator\TenantCoordinator.csproj", "{C15CA5A1-CED0-432C-B08B-ABFF9758DA7E}"
EndProject
Project("{FAE04EC0-301F-11D3-BF4B-00C04F79EFBC}") = "Events", "Samples\Events\Events.csproj", "{A49824C7-C1EF-4F14-B224-BB80275EA6C9}"
EndProject
Project("{FAE04EC0-301F-11D3-BF4B-00C04F79EFBC}") = "PowerBIDotNet", "PowerBIDotNet\PowerBIDotNet.csproj", "{5BEB3744-22FE-405D-9459-AEB07FE42F3D}"
EndProject
Project("{FAE04EC0-301F-11D3-BF4B-00C04F79EFBC}") = "Desktop", "Samples\Desktop\Desktop.csproj", "{5B7184F6-6929-400E-B4FC-82AA1FE07492}"
EndProject
Project("{FAE04EC0-301F-11D3-BF4B-00C04F79EFBC}") = "Web", "Samples\Web\Web.csproj", "{995D3FAC-F3D5-41FA-BFB0-3D232D70E33D}"
EndProject
Project("{2150E333-8FDC-42A3-9474-1A3956D46DE8}") = "Samples", "Samples", "{663CBC3E-18C6-46B8-A1FF-130C61EA65D0}"
EndProject
Global
	GlobalSection(SolutionConfigurationPlatforms) = preSolution
		Debug|Any CPU = Debug|Any CPU
		Debug|ARM = Debug|ARM
		Debug|x64 = Debug|x64
		Debug|x86 = Debug|x86
		Release|Any CPU = Release|Any CPU
		Release|ARM = Release|ARM
		Release|x64 = Release|x64
		Release|x86 = Release|x86
	EndGlobalSection
	GlobalSection(ProjectConfigurationPlatforms) = postSolution
		{C15CA5A1-CED0-432C-B08B-ABFF9758DA7E}.Debug|Any CPU.ActiveCfg = Debug|Any CPU
		{C15CA5A1-CED0-432C-B08B-ABFF9758DA7E}.Debug|Any CPU.Build.0 = Debug|Any CPU
		{C15CA5A1-CED0-432C-B08B-ABFF9758DA7E}.Debug|ARM.ActiveCfg = Debug|Any CPU
		{C15CA5A1-CED0-432C-B08B-ABFF9758DA7E}.Debug|ARM.Build.0 = Debug|Any CPU
		{C15CA5A1-CED0-432C-B08B-ABFF9758DA7E}.Debug|x64.ActiveCfg = Debug|Any CPU
		{C15CA5A1-CED0-432C-B08B-ABFF9758DA7E}.Debug|x64.Build.0 = Debug|Any CPU
		{C15CA5A1-CED0-432C-B08B-ABFF9758DA7E}.Debug|x86.ActiveCfg = Debug|Any CPU
		{C15CA5A1-CED0-432C-B08B-ABFF9758DA7E}.Debug|x86.Build.0 = Debug|Any CPU
		{C15CA5A1-CED0-432C-B08B-ABFF9758DA7E}.Release|Any CPU.ActiveCfg = Release|Any CPU
		{C15CA5A1-CED0-432C-B08B-ABFF9758DA7E}.Release|Any CPU.Build.0 = Release|Any CPU
		{C15CA5A1-CED0-432C-B08B-ABFF9758DA7E}.Release|ARM.ActiveCfg = Release|Any CPU
		{C15CA5A1-CED0-432C-B08B-ABFF9758DA7E}.Release|ARM.Build.0 = Release|Any CPU
		{C15CA5A1-CED0-432C-B08B-ABFF9758DA7E}.Release|x64.ActiveCfg = Release|Any CPU
		{C15CA5A1-CED0-432C-B08B-ABFF9758DA7E}.Release|x64.Build.0 = Release|Any CPU
		{C15CA5A1-CED0-432C-B08B-ABFF9758DA7E}.Release|x86.ActiveCfg = Release|Any CPU
		{C15CA5A1-CED0-432C-B08B-ABFF9758DA7E}.Release|x86.Build.0 = Release|Any CPU
		{A49824C7-C1EF-4F14-B224-BB80275EA6C9}.Debug|Any CPU.ActiveCfg = Debug|Any CPU
		{A49824C7-C1EF-4F14-B224-BB80275EA6C9}.Debug|Any CPU.Build.0 = Debug|Any CPU
		{A49824C7-C1EF-4F14-B224-BB80275EA6C9}.Debug|ARM.ActiveCfg = Debug|Any CPU
		{A49824C7-C1EF-4F14-B224-BB80275EA6C9}.Debug|ARM.Build.0 = Debug|Any CPU
		{A49824C7-C1EF-4F14-B224-BB80275EA6C9}.Debug|x64.ActiveCfg = Debug|Any CPU
		{A49824C7-C1EF-4F14-B224-BB80275EA6C9}.Debug|x64.Build.0 = Debug|Any CPU
		{A49824C7-C1EF-4F14-B224-BB80275EA6C9}.Debug|x86.ActiveCfg = Debug|Any CPU
		{A49824C7-C1EF-4F14-B224-BB80275EA6C9}.Debug|x86.Build.0 = Debug|Any CPU
		{A49824C7-C1EF-4F14-B224-BB80275EA6C9}.Release|Any CPU.ActiveCfg = Release|Any CPU
		{A49824C7-C1EF-4F14-B224-BB80275EA6C9}.Release|Any CPU.Build.0 = Release|Any CPU
		{A49824C7-C1EF-4F14-B224-BB80275EA6C9}.Release|ARM.ActiveCfg = Release|Any CPU
		{A49824C7-C1EF-4F14-B224-BB80275EA6C9}.Release|ARM.Build.0 = Release|Any CPU
		{A49824C7-C1EF-4F14-B224-BB80275EA6C9}.Release|x64.ActiveCfg = Release|Any CPU
		{A49824C7-C1EF-4F14-B224-BB80275EA6C9}.Release|x64.Build.0 = Release|Any CPU
		{A49824C7-C1EF-4F14-B224-BB80275EA6C9}.Release|x86.ActiveCfg = Release|Any CPU
		{A49824C7-C1EF-4F14-B224-BB80275EA6C9}.Release|x86.Build.0 = Release|Any CPU
		{5BEB3744-22FE-405D-9459-AEB07FE42F3D}.Debug|Any CPU.ActiveCfg = Debug|Any CPU
		{5BEB3744-22FE-405D-9459-AEB07FE42F3D}.Debug|Any CPU.Build.0 = Debug|Any CPU
		{5BEB3744-22FE-405D-9459-AEB07FE42F3D}.Debug|ARM.ActiveCfg = Debug|Any CPU
		{5BEB3744-22FE-405D-9459-AEB07FE42F3D}.Debug|ARM.Build.0 = Debug|Any CPU
		{5BEB3744-22FE-405D-9459-AEB07FE42F3D}.Debug|x64.ActiveCfg = Debug|Any CPU
		{5BEB3744-22FE-405D-9459-AEB07FE42F3D}.Debug|x64.Build.0 = Debug|Any CPU
		{5BEB3744-22FE-405D-9459-AEB07FE42F3D}.Debug|x86.ActiveCfg = Debug|Any CPU
		{5BEB3744-22FE-405D-9459-AEB07FE42F3D}.Debug|x86.Build.0 = Debug|Any CPU
		{5BEB3744-22FE-405D-9459-AEB07FE42F3D}.Release|Any CPU.ActiveCfg = Release|Any CPU
		{5BEB3744-22FE-405D-9459-AEB07FE42F3D}.Release|Any CPU.Build.0 = Release|Any CPU
		{5BEB3744-22FE-405D-9459-AEB07FE42F3D}.Release|ARM.ActiveCfg = Release|Any CPU
		{5BEB3744-22FE-405D-9459-AEB07FE42F3D}.Release|ARM.Build.0 = Release|Any CPU
		{5BEB3744-22FE-405D-9459-AEB07FE42F3D}.Release|x64.ActiveCfg = Release|Any CPU
		{5BEB3744-22FE-405D-9459-AEB07FE42F3D}.Release|x64.Build.0 = Release|Any CPU
		{5BEB3744-22FE-405D-9459-AEB07FE42F3D}.Release|x86.ActiveCfg = Release|Any CPU
		{5BEB3744-22FE-405D-9459-AEB07FE42F3D}.Release|x86.Build.0 = Release|Any CPU
		{5B7184F6-6929-400E-B4FC-82AA1FE07492}.Debug|Any CPU.ActiveCfg = Debug|Any CPU
		{5B7184F6-6929-400E-B4FC-82AA1FE07492}.Debug|Any CPU.Build.0 = Debug|Any CPU
		{5B7184F6-6929-400E-B4FC-82AA1FE07492}.Debug|ARM.ActiveCfg = Debug|Any CPU
		{5B7184F6-6929-400E-B4FC-82AA1FE07492}.Debug|ARM.Build.0 = Debug|Any CPU
		{5B7184F6-6929-400E-B4FC-82AA1FE07492}.Debug|x64.ActiveCfg = Debug|Any CPU
		{5B7184F6-6929-400E-B4FC-82AA1FE07492}.Debug|x64.Build.0 = Debug|Any CPU
		{5B7184F6-6929-400E-B4FC-82AA1FE07492}.Debug|x86.ActiveCfg = Debug|Any CPU
		{5B7184F6-6929-400E-B4FC-82AA1FE07492}.Debug|x86.Build.0 = Debug|Any CPU
		{5B7184F6-6929-400E-B4FC-82AA1FE07492}.Release|Any CPU.ActiveCfg = Release|Any CPU
		{5B7184F6-6929-400E-B4FC-82AA1FE07492}.Release|Any CPU.Build.0 = Release|Any CPU
		{5B7184F6-6929-400E-B4FC-82AA1FE07492}.Release|ARM.ActiveCfg = Release|Any CPU
		{5B7184F6-6929-400E-B4FC-82AA1FE07492}.Release|ARM.Build.0 = Release|Any CPU
		{5B7184F6-6929-400E-B4FC-82AA1FE07492}.Release|x64.ActiveCfg = Release|Any CPU
		{5B7184F6-6929-400E-B4FC-82AA1FE07492}.Release|x64.Build.0 = Release|Any CPU
		{5B7184F6-6929-400E-B4FC-82AA1FE07492}.Release|x86.ActiveCfg = Release|Any CPU
		{5B7184F6-6929-400E-B4FC-82AA1FE07492}.Release|x86.Build.0 = Release|Any CPU
		{995D3FAC-F3D5-41FA-BFB0-3D232D70E33D}.Debug|Any CPU.ActiveCfg = Debug|Any CPU
		{995D3FAC-F3D5-41FA-BFB0-3D232D70E33D}.Debug|Any CPU.Build.0 = Debug|Any CPU
		{995D3FAC-F3D5-41FA-BFB0-3D232D70E33D}.Debug|ARM.ActiveCfg = Debug|Any CPU
		{995D3FAC-F3D5-41FA-BFB0-3D232D70E33D}.Debug|ARM.Build.0 = Debug|Any CPU
		{995D3FAC-F3D5-41FA-BFB0-3D232D70E33D}.Debug|x64.ActiveCfg = Debug|Any CPU
		{995D3FAC-F3D5-41FA-BFB0-3D232D70E33D}.Debug|x64.Build.0 = Debug|Any CPU
		{995D3FAC-F3D5-41FA-BFB0-3D232D70E33D}.Debug|x86.ActiveCfg = Debug|Any CPU
		{995D3FAC-F3D5-41FA-BFB0-3D232D70E33D}.Debug|x86.Build.0 = Debug|Any CPU
		{995D3FAC-F3D5-41FA-BFB0-3D232D70E33D}.Release|Any CPU.ActiveCfg = Release|Any CPU
		{995D3FAC-F3D5-41FA-BFB0-3D232D70E33D}.Release|Any CPU.Build.0 = Release|Any CPU
		{995D3FAC-F3D5-41FA-BFB0-3D232D70E33D}.Release|ARM.ActiveCfg = Release|Any CPU
		{995D3FAC-F3D5-41FA-BFB0-3D232D70E33D}.Release|ARM.Build.0 = Release|Any CPU
		{995D3FAC-F3D5-41FA-BFB0-3D232D70E33D}.Release|x64.ActiveCfg = Release|Any CPU
		{995D3FAC-F3D5-41FA-BFB0-3D232D70E33D}.Release|x64.Build.0 = Release|Any CPU
		{995D3FAC-F3D5-41FA-BFB0-3D232D70E33D}.Release|x86.ActiveCfg = Release|Any CPU
		{995D3FAC-F3D5-41FA-BFB0-3D232D70E33D}.Release|x86.Build.0 = Release|Any CPU
	EndGlobalSection
	GlobalSection(SolutionProperties) = preSolution
		HideSolutionNode = FALSE
	EndGlobalSection
	GlobalSection(NestedProjects) = preSolution
		{C15CA5A1-CED0-432C-B08B-ABFF9758DA7E} = {663CBC3E-18C6-46B8-A1FF-130C61EA65D0}
		{A49824C7-C1EF-4F14-B224-BB80275EA6C9} = {663CBC3E-18C6-46B8-A1FF-130C61EA65D0}
		{5B7184F6-6929-400E-B4FC-82AA1FE07492} = {663CBC3E-18C6-46B8-A1FF-130C61EA65D0}
		{995D3FAC-F3D5-41FA-BFB0-3D232D70E33D} = {663CBC3E-18C6-46B8-A1FF-130C61EA65D0}
	EndGlobalSection
EndGlobal
